
Microsoft Visual Studio Solution File, Format Version 12.00
# Visual Studio Version 16
VisualStudioVersion = 16.0.29306.81
MinimumVisualStudioVersion = 10.0.40219.1
Project("{FAE04EC0-301F-11D3-BF4B-00C04F79EFBC}") = "Game Project", "Game Project\Game Project.csproj", "{8DAD52D7-56C7-4034-976D-7B9D4118CFBF}"
EndProject
Global
	GlobalSection(SolutionConfigurationPlatforms) = preSolution
		Debug|Any CPU = Debug|Any CPU
		Release|Any CPU = Release|Any CPU
	EndGlobalSection
	GlobalSection(ProjectConfigurationPlatforms) = postSolution
		{8DAD52D7-56C7-4034-976D-7B9D4118CFBF}.Debug|Any CPU.ActiveCfg = Debug|Any CPU
		{8DAD52D7-56C7-4034-976D-7B9D4118CFBF}.Debug|Any CPU.Build.0 = Debug|Any CPU
		{8DAD52D7-56C7-4034-976D-7B9D4118CFBF}.Release|Any CPU.ActiveCfg = Release|Any CPU
		{8DAD52D7-56C7-4034-976D-7B9D4118CFBF}.Release|Any CPU.Build.0 = Release|Any CPU
	EndGlobalSection
	GlobalSection(SolutionProperties) = preSolution
		HideSolutionNode = FALSE
	EndGlobalSection
	GlobalSection(ExtensibilityGlobals) = postSolution
		SolutionGuid = {D44A51AE-AACF-4070-A465-D81B4AA73E01}
	EndGlobalSection
EndGlobal
